
Microsoft Visual Studio Solution File, Format Version 12.00
# Visual Studio Version 16
VisualStudioVersion = 16.0.31005.135
MinimumVisualStudioVersion = 10.0.40219.1
Project("{FAE04EC0-301F-11D3-BF4B-00C04F79EFBC}") = "ChessGUI", "ChessGUI\ChessGUI.csproj", "{0B65FCF8-D1BE-48CF-A9B6-52E38CB4298B}"
EndProject
Global
	GlobalSection(SolutionConfigurationPlatforms) = preSolution
		Debug|Any CPU = Debug|Any CPU
		Release|Any CPU = Release|Any CPU
	EndGlobalSection
	GlobalSection(ProjectConfigurationPlatforms) = postSolution
		{0B65FCF8-D1BE-48CF-A9B6-52E38CB4298B}.Debug|Any CPU.ActiveCfg = Debug|Any CPU
		{0B65FCF8-D1BE-48CF-A9B6-52E38CB4298B}.Debug|Any CPU.Build.0 = Debug|Any CPU
		{0B65FCF8-D1BE-48CF-A9B6-52E38CB4298B}.Release|Any CPU.ActiveCfg = Release|Any CPU
		{0B65FCF8-D1BE-48CF-A9B6-52E38CB4298B}.Release|Any CPU.Build.0 = Release|Any CPU
	EndGlobalSection
	GlobalSection(SolutionProperties) = preSolution
		HideSolutionNode = FALSE
	EndGlobalSection
	GlobalSection(ExtensibilityGlobals) = postSolution
		SolutionGuid = {3BBEB2AF-50F0-42D8-9178-86EA136AEE9C}
	EndGlobalSection
EndGlobal
